// !$*UTF8*$!
{
	archiveVersion = 1;
	classes = {
	};
	objectVersion = 50;
	objects = {

/* Begin PBXBuildFile section */
		3306CA6E25BB4C660049FB3B /* CreateOrderResponse.swift in Sources */ = {isa = PBXBuildFile; fileRef = 3306CA6D25BB4C660049FB3B /* CreateOrderResponse.swift */; };
		3306CA7325BB4D980049FB3B /* AddCoffeeOrderViewModel.swift in Sources */ = {isa = PBXBuildFile; fileRef = 3306CA7225BB4D980049FB3B /* AddCoffeeOrderViewModel.swift */; };
		3306CA7825BB53ED0049FB3B /* CoffeeListViewModel.swift in Sources */ = {isa = PBXBuildFile; fileRef = 3306CA7725BB53ED0049FB3B /* CoffeeListViewModel.swift */; };
		3306CA7D25BB574F0049FB3B /* AddCoffeeOrderView.swift in Sources */ = {isa = PBXBuildFile; fileRef = 3306CA7C25BB574F0049FB3B /* AddCoffeeOrderView.swift */; };
		3306CA8225BB620A0049FB3B /* OrderTotalView.swift in Sources */ = {isa = PBXBuildFile; fileRef = 3306CA8125BB620A0049FB3B /* OrderTotalView.swift */; };
		336C00C725B8C7B100FEA3BF /* AppDelegate.swift in Sources */ = {isa = PBXBuildFile; fileRef = 336C00C625B8C7B100FEA3BF /* AppDelegate.swift */; };
		336C00C925B8C7B100FEA3BF /* SceneDelegate.swift in Sources */ = {isa = PBXBuildFile; fileRef = 336C00C825B8C7B100FEA3BF /* SceneDelegate.swift */; };
		336C00CB25B8C7B100FEA3BF /* ContentView.swift in Sources */ = {isa = PBXBuildFile; fileRef = 336C00CA25B8C7B100FEA3BF /* ContentView.swift */; };
		336C00CD25B8C7B600FEA3BF /* Assets.xcassets in Resources */ = {isa = PBXBuildFile; fileRef = 336C00CC25B8C7B600FEA3BF /* Assets.xcassets */; };
		336C00D025B8C7B600FEA3BF /* Preview Assets.xcassets in Resources */ = {isa = PBXBuildFile; fileRef = 336C00CF25B8C7B600FEA3BF /* Preview Assets.xcassets */; };
		336C00D325B8C7B600FEA3BF /* LaunchScreen.storyboard in Resources */ = {isa = PBXBuildFile; fileRef = 336C00D125B8C7B600FEA3BF /* LaunchScreen.storyboard */; };
		336C00DE25B8C7B600FEA3BF /* SwiftUICoffeeOrderTests.swift in Sources */ = {isa = PBXBuildFile; fileRef = 336C00DD25B8C7B600FEA3BF /* SwiftUICoffeeOrderTests.swift */; };
		336C00E925B8C7B600FEA3BF /* SwiftUICoffeeOrderUITests.swift in Sources */ = {isa = PBXBuildFile; fileRef = 336C00E825B8C7B600FEA3BF /* SwiftUICoffeeOrderUITests.swift */; };
		336C00FB25B8C7DD00FEA3BF /* Coffee.swift in Sources */ = {isa = PBXBuildFile; fileRef = 336C00FA25B8C7DD00FEA3BF /* Coffee.swift */; };
		336C010325B8C87100FEA3BF /* Order.swift in Sources */ = {isa = PBXBuildFile; fileRef = 336C010225B8C87100FEA3BF /* Order.swift */; };
		3370DD7B25B9EEF800F7AB45 /* Webservice.swift in Sources */ = {isa = PBXBuildFile; fileRef = 3370DD7A25B9EEF800F7AB45 /* Webservice.swift */; };
		3370DD8225B9F80000F7AB45 /* OrderListViewModel.swift in Sources */ = {isa = PBXBuildFile; fileRef = 3370DD8125B9F80000F7AB45 /* OrderListViewModel.swift */; };
		3370DD8A25B9F81400F7AB45 /* OrderListView.swift in Sources */ = {isa = PBXBuildFile; fileRef = 3370DD8925B9F81400F7AB45 /* OrderListView.swift */; };
/* End PBXBuildFile section */

/* Begin PBXContainerItemProxy section */
		336C00DA25B8C7B600FEA3BF /* PBXContainerItemProxy */ = {
			isa = PBXContainerItemProxy;
			containerPortal = 336C00BB25B8C7B000FEA3BF /* Project object */;
			proxyType = 1;
			remoteGlobalIDString = 336C00C225B8C7B100FEA3BF;
			remoteInfo = SwiftUICoffeeOrder;
		};
		336C00E525B8C7B600FEA3BF /* PBXContainerItemProxy */ = {
			isa = PBXContainerItemProxy;
			containerPortal = 336C00BB25B8C7B000FEA3BF /* Project object */;
			proxyType = 1;
			remoteGlobalIDString = 336C00C225B8C7B100FEA3BF;
			remoteInfo = SwiftUICoffeeOrder;
		};
/* End PBXContainerItemProxy section */

/* Begin PBXFileReference section */
		3306CA6D25BB4C660049FB3B /* CreateOrderResponse.swift */ = {isa = PBXFileReference; lastKnownFileType = sourcecode.swift; path = CreateOrderResponse.swift; sourceTree = "<group>"; };
		3306CA7225BB4D980049FB3B /* AddCoffeeOrderViewModel.swift */ = {isa = PBXFileReference; lastKnownFileType = sourcecode.swift; path = AddCoffeeOrderViewModel.swift; sourceTree = "<group>"; };
		3306CA7725BB53ED0049FB3B /* CoffeeListViewModel.swift */ = {isa = PBXFileReference; lastKnownFileType = sourcecode.swift; path = CoffeeListViewModel.swift; sourceTree = "<group>"; };
		3306CA7C25BB574F0049FB3B /* AddCoffeeOrderView.swift */ = {isa = PBXFileReference; lastKnownFileType = sourcecode.swift; path = AddCoffeeOrderView.swift; sourceTree = "<group>"; };
		3306CA8125BB620A0049FB3B /* OrderTotalView.swift */ = {isa = PBXFileReference; lastKnownFileType = sourcecode.swift; path = OrderTotalView.swift; sourceTree = "<group>"; };
		336C00C325B8C7B100FEA3BF /* SwiftUICoffeeOrder.app */ = {isa = PBXFileReference; explicitFileType = wrapper.application; includeInIndex = 0; path = SwiftUICoffeeOrder.app; sourceTree = BUILT_PRODUCTS_DIR; };
		336C00C625B8C7B100FEA3BF /* AppDelegate.swift */ = {isa = PBXFileReference; lastKnownFileType = sourcecode.swift; path = AppDelegate.swift; sourceTree = "<group>"; };
		336C00C825B8C7B100FEA3BF /* SceneDelegate.swift */ = {isa = PBXFileReference; lastKnownFileType = sourcecode.swift; path = SceneDelegate.swift; sourceTree = "<group>"; };
		336C00CA25B8C7B100FEA3BF /* ContentView.swift */ = {isa = PBXFileReference; lastKnownFileType = sourcecode.swift; path = ContentView.swift; sourceTree = "<group>"; };
		336C00CC25B8C7B600FEA3BF /* Assets.xcassets */ = {isa = PBXFileReference; lastKnownFileType = folder.assetcatalog; path = Assets.xcassets; sourceTree = "<group>"; };
		336C00CF25B8C7B600FEA3BF /* Preview Assets.xcassets */ = {isa = PBXFileReference; lastKnownFileType = folder.assetcatalog; path = "Preview Assets.xcassets"; sourceTree = "<group>"; };
		336C00D225B8C7B600FEA3BF /* Base */ = {isa = PBXFileReference; lastKnownFileType = file.storyboard; name = Base; path = Base.lproj/LaunchScreen.storyboard; sourceTree = "<group>"; };
		336C00D425B8C7B600FEA3BF /* Info.plist */ = {isa = PBXFileReference; lastKnownFileType = text.plist.xml; path = Info.plist; sourceTree = "<group>"; };
		336C00D925B8C7B600FEA3BF /* SwiftUICoffeeOrderTests.xctest */ = {isa = PBXFileReference; explicitFileType = wrapper.cfbundle; includeInIndex = 0; path = SwiftUICoffeeOrderTests.xctest; sourceTree = BUILT_PRODUCTS_DIR; };
		336C00DD25B8C7B600FEA3BF /* SwiftUICoffeeOrderTests.swift */ = {isa = PBXFileReference; lastKnownFileType = sourcecode.swift; path = SwiftUICoffeeOrderTests.swift; sourceTree = "<group>"; };
		336C00DF25B8C7B600FEA3BF /* Info.plist */ = {isa = PBXFileReference; lastKnownFileType = text.plist.xml; path = Info.plist; sourceTree = "<group>"; };
		336C00E425B8C7B600FEA3BF /* SwiftUICoffeeOrderUITests.xctest */ = {isa = PBXFileReference; explicitFileType = wrapper.cfbundle; includeInIndex = 0; path = SwiftUICoffeeOrderUITests.xctest; sourceTree = BUILT_PRODUCTS_DIR; };
		336C00E825B8C7B600FEA3BF /* SwiftUICoffeeOrderUITests.swift */ = {isa = PBXFileReference; lastKnownFileType = sourcecode.swift; path = SwiftUICoffeeOrderUITests.swift; sourceTree = "<group>"; };
		336C00EA25B8C7B600FEA3BF /* Info.plist */ = {isa = PBXFileReference; lastKnownFileType = text.plist.xml; path = Info.plist; sourceTree = "<group>"; };
		336C00FA25B8C7DD00FEA3BF /* Coffee.swift */ = {isa = PBXFileReference; lastKnownFileType = sourcecode.swift; path = Coffee.swift; sourceTree = "<group>"; };
		336C010225B8C87100FEA3BF /* Order.swift */ = {isa = PBXFileReference; lastKnownFileType = sourcecode.swift; path = Order.swift; sourceTree = "<group>"; };
		3370DD7A25B9EEF800F7AB45 /* Webservice.swift */ = {isa = PBXFileReference; lastKnownFileType = sourcecode.swift; path = Webservice.swift; sourceTree = "<group>"; };
		3370DD8125B9F80000F7AB45 /* OrderListViewModel.swift */ = {isa = PBXFileReference; lastKnownFileType = sourcecode.swift; path = OrderListViewModel.swift; sourceTree = "<group>"; };
		3370DD8925B9F81400F7AB45 /* OrderListView.swift */ = {isa = PBXFileReference; lastKnownFileType = sourcecode.swift; path = OrderListView.swift; sourceTree = "<group>"; };
/* End PBXFileReference section */

/* Begin PBXFrameworksBuildPhase section */
		336C00C025B8C7B100FEA3BF /* Frameworks */ = {
			isa = PBXFrameworksBuildPhase;
			buildActionMask = 2147483647;
			files = (
			);
			runOnlyForDeploymentPostprocessing = 0;
		};
		336C00D625B8C7B600FEA3BF /* Frameworks */ = {
			isa = PBXFrameworksBuildPhase;
			buildActionMask = 2147483647;
			files = (
			);
			runOnlyForDeploymentPostprocessing = 0;
		};
		336C00E125B8C7B600FEA3BF /* Frameworks */ = {
			isa = PBXFrameworksBuildPhase;
			buildActionMask = 2147483647;
			files = (
			);
			runOnlyForDeploymentPostprocessing = 0;
		};
/* End PBXFrameworksBuildPhase section */

/* Begin PBXGroup section */
		336C00BA25B8C7B000FEA3BF = {
			isa = PBXGroup;
			children = (
				336C00C525B8C7B100FEA3BF /* SwiftUICoffeeOrder */,
				336C00DC25B8C7B600FEA3BF /* SwiftUICoffeeOrderTests */,
				336C00E725B8C7B600FEA3BF /* SwiftUICoffeeOrderUITests */,
				336C00C425B8C7B100FEA3BF /* Products */,
			);
			sourceTree = "<group>";
		};
		336C00C425B8C7B100FEA3BF /* Products */ = {
			isa = PBXGroup;
			children = (
				336C00C325B8C7B100FEA3BF /* SwiftUICoffeeOrder.app */,
				336C00D925B8C7B600FEA3BF /* SwiftUICoffeeOrderTests.xctest */,
				336C00E425B8C7B600FEA3BF /* SwiftUICoffeeOrderUITests.xctest */,
			);
			name = Products;
			sourceTree = "<group>";
		};
		336C00C525B8C7B100FEA3BF /* SwiftUICoffeeOrder */ = {
			isa = PBXGroup;
			children = (
				3370DD8025B9F7EE00F7AB45 /* Views */,
				3370DD7F25B9F7E700F7AB45 /* ViewModels */,
				336C010725B8C91500FEA3BF /* Services */,
				336C00F925B8C7CE00FEA3BF /* Models */,
				336C00C625B8C7B100FEA3BF /* AppDelegate.swift */,
				336C00C825B8C7B100FEA3BF /* SceneDelegate.swift */,
				336C00CC25B8C7B600FEA3BF /* Assets.xcassets */,
				336C00D125B8C7B600FEA3BF /* LaunchScreen.storyboard */,
				336C00D425B8C7B600FEA3BF /* Info.plist */,
				336C00CE25B8C7B600FEA3BF /* Preview Content */,
			);
			path = SwiftUICoffeeOrder;
			sourceTree = "<group>";
		};
		336C00CE25B8C7B600FEA3BF /* Preview Content */ = {
			isa = PBXGroup;
			children = (
				336C00CF25B8C7B600FEA3BF /* Preview Assets.xcassets */,
			);
			path = "Preview Content";
			sourceTree = "<group>";
		};
		336C00DC25B8C7B600FEA3BF /* SwiftUICoffeeOrderTests */ = {
			isa = PBXGroup;
			children = (
				336C00DD25B8C7B600FEA3BF /* SwiftUICoffeeOrderTests.swift */,
				336C00DF25B8C7B600FEA3BF /* Info.plist */,
			);
			path = SwiftUICoffeeOrderTests;
			sourceTree = "<group>";
		};
		336C00E725B8C7B600FEA3BF /* SwiftUICoffeeOrderUITests */ = {
			isa = PBXGroup;
			children = (
				336C00E825B8C7B600FEA3BF /* SwiftUICoffeeOrderUITests.swift */,
				336C00EA25B8C7B600FEA3BF /* Info.plist */,
			);
			path = SwiftUICoffeeOrderUITests;
			sourceTree = "<group>";
		};
		336C00F925B8C7CE00FEA3BF /* Models */ = {
			isa = PBXGroup;
			children = (
				336C00FA25B8C7DD00FEA3BF /* Coffee.swift */,
				336C010225B8C87100FEA3BF /* Order.swift */,
				3306CA6D25BB4C660049FB3B /* CreateOrderResponse.swift */,
			);
			path = Models;
			sourceTree = "<group>";
		};
		336C010725B8C91500FEA3BF /* Services */ = {
			isa = PBXGroup;
			children = (
				3370DD7A25B9EEF800F7AB45 /* Webservice.swift */,
			);
			path = Services;
			sourceTree = "<group>";
		};
		3370DD7F25B9F7E700F7AB45 /* ViewModels */ = {
			isa = PBXGroup;
			children = (
				3370DD8125B9F80000F7AB45 /* OrderListViewModel.swift */,
				3306CA7225BB4D980049FB3B /* AddCoffeeOrderViewModel.swift */,
				3306CA7725BB53ED0049FB3B /* CoffeeListViewModel.swift */,
			);
			path = ViewModels;
			sourceTree = "<group>";
		};
		3370DD8025B9F7EE00F7AB45 /* Views */ = {
			isa = PBXGroup;
			children = (
				336C00CA25B8C7B100FEA3BF /* ContentView.swift */,
				3370DD8925B9F81400F7AB45 /* OrderListView.swift */,
				3306CA7C25BB574F0049FB3B /* AddCoffeeOrderView.swift */,
				3306CA8125BB620A0049FB3B /* OrderTotalView.swift */,
			);
			path = Views;
			sourceTree = "<group>";
		};
/* End PBXGroup section */

/* Begin PBXNativeTarget section */
		336C00C225B8C7B100FEA3BF /* SwiftUICoffeeOrder */ = {
			isa = PBXNativeTarget;
			buildConfigurationList = 336C00ED25B8C7B600FEA3BF /* Build configuration list for PBXNativeTarget "SwiftUICoffeeOrder" */;
			buildPhases = (
				336C00BF25B8C7B100FEA3BF /* Sources */,
				336C00C025B8C7B100FEA3BF /* Frameworks */,
				336C00C125B8C7B100FEA3BF /* Resources */,
			);
			buildRules = (
			);
			dependencies = (
			);
			name = SwiftUICoffeeOrder;
			productName = SwiftUICoffeeOrder;
			productReference = 336C00C325B8C7B100FEA3BF /* SwiftUICoffeeOrder.app */;
			productType = "com.apple.product-type.application";
		};
		336C00D825B8C7B600FEA3BF /* SwiftUICoffeeOrderTests */ = {
			isa = PBXNativeTarget;
			buildConfigurationList = 336C00F025B8C7B600FEA3BF /* Build configuration list for PBXNativeTarget "SwiftUICoffeeOrderTests" */;
			buildPhases = (
				336C00D525B8C7B600FEA3BF /* Sources */,
				336C00D625B8C7B600FEA3BF /* Frameworks */,
				336C00D725B8C7B600FEA3BF /* Resources */,
			);
			buildRules = (
			);
			dependencies = (
				336C00DB25B8C7B600FEA3BF /* PBXTargetDependency */,
			);
			name = SwiftUICoffeeOrderTests;
			productName = SwiftUICoffeeOrderTests;
			productReference = 336C00D925B8C7B600FEA3BF /* SwiftUICoffeeOrderTests.xctest */;
			productType = "com.apple.product-type.bundle.unit-test";
		};
		336C00E325B8C7B600FEA3BF /* SwiftUICoffeeOrderUITests */ = {
			isa = PBXNativeTarget;
			buildConfigurationList = 336C00F325B8C7B600FEA3BF /* Build configuration list for PBXNativeTarget "SwiftUICoffeeOrderUITests" */;
			buildPhases = (
				336C00E025B8C7B600FEA3BF /* Sources */,
				336C00E125B8C7B600FEA3BF /* Frameworks */,
				336C00E225B8C7B600FEA3BF /* Resources */,
			);
			buildRules = (
			);
			dependencies = (
				336C00E625B8C7B600FEA3BF /* PBXTargetDependency */,
			);
			name = SwiftUICoffeeOrderUITests;
			productName = SwiftUICoffeeOrderUITests;
			productReference = 336C00E425B8C7B600FEA3BF /* SwiftUICoffeeOrderUITests.xctest */;
			productType = "com.apple.product-type.bundle.ui-testing";
		};
/* End PBXNativeTarget section */

/* Begin PBXProject section */
		336C00BB25B8C7B000FEA3BF /* Project object */ = {
			isa = PBXProject;
			attributes = {
				LastSwiftUpdateCheck = 1230;
				LastUpgradeCheck = 1230;
				TargetAttributes = {
					336C00C225B8C7B100FEA3BF = {
						CreatedOnToolsVersion = 12.3;
					};
					336C00D825B8C7B600FEA3BF = {
						CreatedOnToolsVersion = 12.3;
						TestTargetID = 336C00C225B8C7B100FEA3BF;
					};
					336C00E325B8C7B600FEA3BF = {
						CreatedOnToolsVersion = 12.3;
						TestTargetID = 336C00C225B8C7B100FEA3BF;
					};
				};
			};
			buildConfigurationList = 336C00BE25B8C7B000FEA3BF /* Build configuration list for PBXProject "SwiftUICoffeeOrder" */;
			compatibilityVersion = "Xcode 9.3";
			developmentRegion = en;
			hasScannedForEncodings = 0;
			knownRegions = (
				en,
				Base,
			);
			mainGroup = 336C00BA25B8C7B000FEA3BF;
			productRefGroup = 336C00C425B8C7B100FEA3BF /* Products */;
			projectDirPath = "";
			projectRoot = "";
			targets = (
				336C00C225B8C7B100FEA3BF /* SwiftUICoffeeOrder */,
				336C00D825B8C7B600FEA3BF /* SwiftUICoffeeOrderTests */,
				336C00E325B8C7B600FEA3BF /* SwiftUICoffeeOrderUITests */,
			);
		};
/* End PBXProject section */

/* Begin PBXResourcesBuildPhase section */
		336C00C125B8C7B100FEA3BF /* Resources */ = {
			isa = PBXResourcesBuildPhase;
			buildActionMask = 2147483647;
			files = (
				336C00D325B8C7B600FEA3BF /* LaunchScreen.storyboard in Resources */,
				336C00D025B8C7B600FEA3BF /* Preview Assets.xcassets in Resources */,
				336C00CD25B8C7B600FEA3BF /* Assets.xcassets in Resources */,
			);
			runOnlyForDeploymentPostprocessing = 0;
		};
		336C00D725B8C7B600FEA3BF /* Resources */ = {
			isa = PBXResourcesBuildPhase;
			buildActionMask = 2147483647;
			files = (
			);
			runOnlyForDeploymentPostprocessing = 0;
		};
		336C00E225B8C7B600FEA3BF /* Resources */ = {
			isa = PBXResourcesBuildPhase;
			buildActionMask = 2147483647;
			files = (
			);
			runOnlyForDeploymentPostprocessing = 0;
		};
/* End PBXResourcesBuildPhase section */

/* Begin PBXSourcesBuildPhase section */
		336C00BF25B8C7B100FEA3BF /* Sources */ = {
			isa = PBXSourcesBuildPhase;
			buildActionMask = 2147483647;
			files = (
				336C00C725B8C7B100FEA3BF /* AppDelegate.swift in Sources */,
				3370DD8A25B9F81400F7AB45 /* OrderListView.swift in Sources */,
				3306CA6E25BB4C660049FB3B /* CreateOrderResponse.swift in Sources */,
				3306CA7D25BB574F0049FB3B /* AddCoffeeOrderView.swift in Sources */,
				336C00C925B8C7B100FEA3BF /* SceneDelegate.swift in Sources */,
				3306CA8225BB620A0049FB3B /* OrderTotalView.swift in Sources */,
				3370DD7B25B9EEF800F7AB45 /* Webservice.swift in Sources */,
				336C010325B8C87100FEA3BF /* Order.swift in Sources */,
				3306CA7825BB53ED0049FB3B /* CoffeeListViewModel.swift in Sources */,
				3370DD8225B9F80000F7AB45 /* OrderListViewModel.swift in Sources */,
				336C00CB25B8C7B100FEA3BF /* ContentView.swift in Sources */,
				336C00FB25B8C7DD00FEA3BF /* Coffee.swift in Sources */,
				3306CA7325BB4D980049FB3B /* AddCoffeeOrderViewModel.swift in Sources */,
			);
			runOnlyForDeploymentPostprocessing = 0;
		};
		336C00D525B8C7B600FEA3BF /* Sources */ = {
			isa = PBXSourcesBuildPhase;
			buildActionMask = 2147483647;
			files = (
				336C00DE25B8C7B600FEA3BF /* SwiftUICoffeeOrderTests.swift in Sources */,
			);
			runOnlyForDeploymentPostprocessing = 0;
		};
		336C00E025B8C7B600FEA3BF /* Sources */ = {
			isa = PBXSourcesBuildPhase;
			buildActionMask = 2147483647;
			files = (
				336C00E925B8C7B600FEA3BF /* SwiftUICoffeeOrderUITests.swift in Sources */,
			);
			runOnlyForDeploymentPostprocessing = 0;
		};
/* End PBXSourcesBuildPhase section */

/* Begin PBXTargetDependency section */
		336C00DB25B8C7B600FEA3BF /* PBXTargetDependency */ = {
			isa = PBXTargetDependency;
			target = 336C00C225B8C7B100FEA3BF /* SwiftUICoffeeOrder */;
			targetProxy = 336C00DA25B8C7B600FEA3BF /* PBXContainerItemProxy */;
		};
		336C00E625B8C7B600FEA3BF /* PBXTargetDependency */ = {
			isa = PBXTargetDependency;
			target = 336C00C225B8C7B100FEA3BF /* SwiftUICoffeeOrder */;
			targetProxy = 336C00E525B8C7B600FEA3BF /* PBXContainerItemProxy */;
		};
/* End PBXTargetDependency section */

/* Begin PBXVariantGroup section */
		336C00D125B8C7B600FEA3BF /* LaunchScreen.storyboard */ = {
			isa = PBXVariantGroup;
			children = (
				336C00D225B8C7B600FEA3BF /* Base */,
			);
			name = LaunchScreen.storyboard;
			sourceTree = "<group>";
		};
/* End PBXVariantGroup section */

/* Begin XCBuildConfiguration section */
		336C00EB25B8C7B600FEA3BF /* Debug */ = {
			isa = XCBuildConfiguration;
			buildSettings = {
				ALWAYS_SEARCH_USER_PATHS = NO;
				CLANG_ANALYZER_NONNULL = YES;
				CLANG_ANALYZER_NUMBER_OBJECT_CONVERSION = YES_AGGRESSIVE;
				CLANG_CXX_LANGUAGE_STANDARD = "gnu++14";
				CLANG_CXX_LIBRARY = "libc++";
				CLANG_ENABLE_MODULES = YES;
				CLANG_ENABLE_OBJC_ARC = YES;
				CLANG_ENABLE_OBJC_WEAK = YES;
				CLANG_WARN_BLOCK_CAPTURE_AUTORELEASING = YES;
				CLANG_WARN_BOOL_CONVERSION = YES;
				CLANG_WARN_COMMA = YES;
				CLANG_WARN_CONSTANT_CONVERSION = YES;
				CLANG_WARN_DEPRECATED_OBJC_IMPLEMENTATIONS = YES;
				CLANG_WARN_DIRECT_OBJC_ISA_USAGE = YES_ERROR;
				CLANG_WARN_DOCUMENTATION_COMMENTS = YES;
				CLANG_WARN_EMPTY_BODY = YES;
				CLANG_WARN_ENUM_CONVERSION = YES;
				CLANG_WARN_INFINITE_RECURSION = YES;
				CLANG_WARN_INT_CONVERSION = YES;
				CLANG_WARN_NON_LITERAL_NULL_CONVERSION = YES;
				CLANG_WARN_OBJC_IMPLICIT_RETAIN_SELF = YES;
				CLANG_WARN_OBJC_LITERAL_CONVERSION = YES;
				CLANG_WARN_OBJC_ROOT_CLASS = YES_ERROR;
				CLANG_WARN_QUOTED_INCLUDE_IN_FRAMEWORK_HEADER = YES;
				CLANG_WARN_RANGE_LOOP_ANALYSIS = YES;
				CLANG_WARN_STRICT_PROTOTYPES = YES;
				CLANG_WARN_SUSPICIOUS_MOVE = YES;
				CLANG_WARN_UNGUARDED_AVAILABILITY = YES_AGGRESSIVE;
				CLANG_WARN_UNREACHABLE_CODE = YES;
				CLANG_WARN__DUPLICATE_METHOD_MATCH = YES;
				COPY_PHASE_STRIP = NO;
				DEBUG_INFORMATION_FORMAT = dwarf;
				ENABLE_STRICT_OBJC_MSGSEND = YES;
				ENABLE_TESTABILITY = YES;
				GCC_C_LANGUAGE_STANDARD = gnu11;
				GCC_DYNAMIC_NO_PIC = NO;
				GCC_NO_COMMON_BLOCKS = YES;
				GCC_OPTIMIZATION_LEVEL = 0;
				GCC_PREPROCESSOR_DEFINITIONS = (
					"DEBUG=1",
					"$(inherited)",
				);
				GCC_WARN_64_TO_32_BIT_CONVERSION = YES;
				GCC_WARN_ABOUT_RETURN_TYPE = YES_ERROR;
				GCC_WARN_UNDECLARED_SELECTOR = YES;
				GCC_WARN_UNINITIALIZED_AUTOS = YES_AGGRESSIVE;
				GCC_WARN_UNUSED_FUNCTION = YES;
				GCC_WARN_UNUSED_VARIABLE = YES;
				IPHONEOS_DEPLOYMENT_TARGET = 14.3;
				MTL_ENABLE_DEBUG_INFO = INCLUDE_SOURCE;
				MTL_FAST_MATH = YES;
				ONLY_ACTIVE_ARCH = YES;
				SDKROOT = iphoneos;
				SWIFT_ACTIVE_COMPILATION_CONDITIONS = DEBUG;
				SWIFT_OPTIMIZATION_LEVEL = "-Onone";
			};
			name = Debug;
		};
		336C00EC25B8C7B600FEA3BF /* Release */ = {
			isa = XCBuildConfiguration;
			buildSettings = {
				ALWAYS_SEARCH_USER_PATHS = NO;
				CLANG_ANALYZER_NONNULL = YES;
				CLANG_ANALYZER_NUMBER_OBJECT_CONVERSION = YES_AGGRESSIVE;
				CLANG_CXX_LANGUAGE_STANDARD = "gnu++14";
				CLANG_CXX_LIBRARY = "libc++";
				CLANG_ENABLE_MODULES = YES;
				CLANG_ENABLE_OBJC_ARC = YES;
				CLANG_ENABLE_OBJC_WEAK = YES;
				CLANG_WARN_BLOCK_CAPTURE_AUTORELEASING = YES;
				CLANG_WARN_BOOL_CONVERSION = YES;
				CLANG_WARN_COMMA = YES;
				CLANG_WARN_CONSTANT_CONVERSION = YES;
				CLANG_WARN_DEPRECATED_OBJC_IMPLEMENTATIONS = YES;
				CLANG_WARN_DIRECT_OBJC_ISA_USAGE = YES_ERROR;
				CLANG_WARN_DOCUMENTATION_COMMENTS = YES;
				CLANG_WARN_EMPTY_BODY = YES;
				CLANG_WARN_ENUM_CONVERSION = YES;
				CLANG_WARN_INFINITE_RECURSION = YES;
				CLANG_WARN_INT_CONVERSION = YES;
				CLANG_WARN_NON_LITERAL_NULL_CONVERSION = YES;
				CLANG_WARN_OBJC_IMPLICIT_RETAIN_SELF = YES;
				CLANG_WARN_OBJC_LITERAL_CONVERSION = YES;
				CLANG_WARN_OBJC_ROOT_CLASS = YES_ERROR;
				CLANG_WARN_QUOTED_INCLUDE_IN_FRAMEWORK_HEADER = YES;
				CLANG_WARN_RANGE_LOOP_ANALYSIS = YES;
				CLANG_WARN_STRICT_PROTOTYPES = YES;
				CLANG_WARN_SUSPICIOUS_MOVE = YES;
				CLANG_WARN_UNGUARDED_AVAILABILITY = YES_AGGRESSIVE;
				CLANG_WARN_UNREACHABLE_CODE = YES;
				CLANG_WARN__DUPLICATE_METHOD_MATCH = YES;
				COPY_PHASE_STRIP = NO;
				DEBUG_INFORMATION_FORMAT = "dwarf-with-dsym";
				ENABLE_NS_ASSERTIONS = NO;
				ENABLE_STRICT_OBJC_MSGSEND = YES;
				GCC_C_LANGUAGE_STANDARD = gnu11;
				GCC_NO_COMMON_BLOCKS = YES;
				GCC_WARN_64_TO_32_BIT_CONVERSION = YES;
				GCC_WARN_ABOUT_RETURN_TYPE = YES_ERROR;
				GCC_WARN_UNDECLARED_SELECTOR = YES;
				GCC_WARN_UNINITIALIZED_AUTOS = YES_AGGRESSIVE;
				GCC_WARN_UNUSED_FUNCTION = YES;
				GCC_WARN_UNUSED_VARIABLE = YES;
				IPHONEOS_DEPLOYMENT_TARGET = 14.3;
				MTL_ENABLE_DEBUG_INFO = NO;
				MTL_FAST_MATH = YES;
				SDKROOT = iphoneos;
				SWIFT_COMPILATION_MODE = wholemodule;
				SWIFT_OPTIMIZATION_LEVEL = "-O";
				VALIDATE_PRODUCT = YES;
			};
			name = Release;
		};
		336C00EE25B8C7B600FEA3BF /* Debug */ = {
			isa = XCBuildConfiguration;
			buildSettings = {
				ASSETCATALOG_COMPILER_APPICON_NAME = AppIcon;
				ASSETCATALOG_COMPILER_GLOBAL_ACCENT_COLOR_NAME = AccentColor;
				CODE_SIGN_STYLE = Automatic;
				DEVELOPMENT_ASSET_PATHS = "\"SwiftUICoffeeOrder/Preview Content\"";
				DEVELOPMENT_TEAM = UW34V925J6;
				ENABLE_PREVIEWS = YES;
				INFOPLIST_FILE = SwiftUICoffeeOrder/Info.plist;
				IPHONEOS_DEPLOYMENT_TARGET = 13.0;
				LD_RUNPATH_SEARCH_PATHS = (
					"$(inherited)",
					"@executable_path/Frameworks",
				);
				PRODUCT_BUNDLE_IDENTIFIER = com.ios.varun.sample.SwiftUICoffeeOrder;
				PRODUCT_NAME = "$(TARGET_NAME)";
				SWIFT_VERSION = 5.0;
				TARGETED_DEVICE_FAMILY = "1,2";
			};
			name = Debug;
		};
		336C00EF25B8C7B600FEA3BF /* Release */ = {
			isa = XCBuildConfiguration;
			buildSettings = {
				ASSETCATALOG_COMPILER_APPICON_NAME = AppIcon;
				ASSETCATALOG_COMPILER_GLOBAL_ACCENT_COLOR_NAME = AccentColor;
				CODE_SIGN_STYLE = Automatic;
				DEVELOPMENT_ASSET_PATHS = "\"SwiftUICoffeeOrder/Preview Content\"";
				DEVELOPMENT_TEAM = UW34V925J6;
				ENABLE_PREVIEWS = YES;
				INFOPLIST_FILE = SwiftUICoffeeOrder/Info.plist;
				IPHONEOS_DEPLOYMENT_TARGET = 13.0;
				LD_RUNPATH_SEARCH_PATHS = (
					"$(inherited)",
					"@executable_path/Frameworks",
				);
				PRODUCT_BUNDLE_IDENTIFIER = com.ios.varun.sample.SwiftUICoffeeOrder;
				PRODUCT_NAME = "$(TARGET_NAME)";
				SWIFT_VERSION = 5.0;
				TARGETED_DEVICE_FAMILY = "1,2";
			};
			name = Release;
		};
		336C00F125B8C7B600FEA3BF /* Debug */ = {
			isa = XCBuildConfiguration;
			buildSettings = {
				ALWAYS_EMBED_SWIFT_STANDARD_LIBRARIES = YES;
				BUNDLE_LOADER = "$(TEST_HOST)";
				CODE_SIGN_STYLE = Automatic;
				DEVELOPMENT_TEAM = UW34V925J6;
				INFOPLIST_FILE = SwiftUICoffeeOrderTests/Info.plist;
				IPHONEOS_DEPLOYMENT_TARGET = 14.3;
				LD_RUNPATH_SEARCH_PATHS = (
					"$(inherited)",
					"@executable_path/Frameworks",
					"@loader_path/Frameworks",
				);
				PRODUCT_BUNDLE_IDENTIFIER = com.ios.varun.sample.SwiftUICoffeeOrderTests;
				PRODUCT_NAME = "$(TARGET_NAME)";
				SWIFT_VERSION = 5.0;
				TARGETED_DEVICE_FAMILY = "1,2";
				TEST_HOST = "$(BUILT_PRODUCTS_DIR)/SwiftUICoffeeOrder.app/SwiftUICoffeeOrder";
			};
			name = Debug;
		};
		336C00F225B8C7B600FEA3BF /* Release */ = {
			isa = XCBuildConfiguration;
			buildSettings = {
				ALWAYS_EMBED_SWIFT_STANDARD_LIBRARIES = YES;
				BUNDLE_LOADER = "$(TEST_HOST)";
				CODE_SIGN_STYLE = Automatic;
				DEVELOPMENT_TEAM = UW34V925J6;
				INFOPLIST_FILE = SwiftUICoffeeOrderTests/Info.plist;
				IPHONEOS_DEPLOYMENT_TARGET = 14.3;
				LD_RUNPATH_SEARCH_PATHS = (
					"$(inherited)",
					"@executable_path/Frameworks",
					"@loader_path/Frameworks",
				);
				PRODUCT_BUNDLE_IDENTIFIER = com.ios.varun.sample.SwiftUICoffeeOrderTests;
				PRODUCT_NAME = "$(TARGET_NAME)";
				SWIFT_VERSION = 5.0;
				TARGETED_DEVICE_FAMILY = "1,2";
				TEST_HOST = "$(BUILT_PRODUCTS_DIR)/SwiftUICoffeeOrder.app/SwiftUICoffeeOrder";
			};
			name = Release;
		};
		336C00F425B8C7B600FEA3BF /* Debug */ = {
			isa = XCBuildConfiguration;
			buildSettings = {
				ALWAYS_EMBED_SWIFT_STANDARD_LIBRARIES = YES;
				CODE_SIGN_STYLE = Automatic;
				DEVELOPMENT_TEAM = UW34V925J6;
				INFOPLIST_FILE = SwiftUICoffeeOrderUITests/Info.plist;
				LD_RUNPATH_SEARCH_PATHS = (
					"$(inherited)",
					"@executable_path/Frameworks",
					"@loader_path/Frameworks",
				);
				PRODUCT_BUNDLE_IDENTIFIER = com.ios.varun.sample.SwiftUICoffeeOrderUITests;
				PRODUCT_NAME = "$(TARGET_NAME)";
				SWIFT_VERSION = 5.0;
				TARGETED_DEVICE_FAMILY = "1,2";
				TEST_TARGET_NAME = SwiftUICoffeeOrder;
			};
			name = Debug;
		};
		336C00F525B8C7B600FEA3BF /* Release */ = {
			isa = XCBuildConfiguration;
			buildSettings = {
				ALWAYS_EMBED_SWIFT_STANDARD_LIBRARIES = YES;
				CODE_SIGN_STYLE = Automatic;
				DEVELOPMENT_TEAM = UW34V925J6;
				INFOPLIST_FILE = SwiftUICoffeeOrderUITests/Info.plist;
				LD_RUNPATH_SEARCH_PATHS = (
					"$(inherited)",
					"@executable_path/Frameworks",
					"@loader_path/Frameworks",
				);
				PRODUCT_BUNDLE_IDENTIFIER = com.ios.varun.sample.SwiftUICoffeeOrderUITests;
				PRODUCT_NAME = "$(TARGET_NAME)";
				SWIFT_VERSION = 5.0;
				TARGETED_DEVICE_FAMILY = "1,2";
				TEST_TARGET_NAME = SwiftUICoffeeOrder;
			};
			name = Release;
		};
/* End XCBuildConfiguration section */

/* Begin XCConfigurationList section */
		336C00BE25B8C7B000FEA3BF /* Build configuration list for PBXProject "SwiftUICoffeeOrder" */ = {
			isa = XCConfigurationList;
			buildConfigurations = (
				336C00EB25B8C7B600FEA3BF /* Debug */,
				336C00EC25B8C7B600FEA3BF /* Release */,
			);
			defaultConfigurationIsVisible = 0;
			defaultConfigurationName = Release;
		};
		336C00ED25B8C7B600FEA3BF /* Build configuration list for PBXNativeTarget "SwiftUICoffeeOrder" */ = {
			isa = XCConfigurationList;
			buildConfigurations = (
				336C00EE25B8C7B600FEA3BF /* Debug */,
				336C00EF25B8C7B600FEA3BF /* Release */,
			);
			defaultConfigurationIsVisible = 0;
			defaultConfigurationName = Release;
		};
		336C00F025B8C7B600FEA3BF /* Build configuration list for PBXNativeTarget "SwiftUICoffeeOrderTests" */ = {
			isa = XCConfigurationList;
			buildConfigurations = (
				336C00F125B8C7B600FEA3BF /* Debug */,
				336C00F225B8C7B600FEA3BF /* Release */,
			);
			defaultConfigurationIsVisible = 0;
			defaultConfigurationName = Release;
		};
		336C00F325B8C7B600FEA3BF /* Build configuration list for PBXNativeTarget "SwiftUICoffeeOrderUITests" */ = {
			isa = XCConfigurationList;
			buildConfigurations = (
				336C00F425B8C7B600FEA3BF /* Debug */,
				336C00F525B8C7B600FEA3BF /* Release */,
			);
			defaultConfigurationIsVisible = 0;
			defaultConfigurationName = Release;
		};
/* End XCConfigurationList section */
	};
	rootObject = 336C00BB25B8C7B000FEA3BF /* Project object */;
}
